<?xml version="1.0" encoding="utf-8"?>
<Project ToolsVersion="4.0" xmlns="http://schemas.microsoft.com/developer/msbuild/2003">
  <ItemGroup>
    <Filter Include="Source Files">
      <UniqueIdentifier>{e7ccf90a-c45c-4df3-a50a-22adb050ea5e}</UniqueIdentifier>
      <Extensions>cpp;c;cxx;rc;def;r;odl;idl;hpj;bat</Extensions>
    </Filter>
    <Filter Include="Header Files">
      <UniqueIdentifier>{9ec4ffc1-6b52-4336-abf4-47d158097a97}</UniqueIdentifier>
      <Extensions>h;hpp;hxx;hm;inl</Extensions>
    </Filter>
    <Filter Include="Header Files\Error Messages">
      <UniqueIdentifier>{06b158d2-31b0-46a9-a88d-7b31a8e140fe}</UniqueIdentifier>
    </Filter>
    <Filter Include="Resource Files">
      <UniqueIdentifier>{25cf6a31-bfaa-432b-8c12-b340b6826465}</UniqueIdentifier>
      <Extensions>ico;cur;bmp;dlg;rc2;rct;bin;rgs;gif;jpg;jpeg;jpe</Extensions>
    </Filter>
  </ItemGroup>
  <ItemGroup>
    <None Include="ilu.def">
      <Filter>Source Files</Filter>
    </None>
  </ItemGroup>
  <ItemGroup>
    <ClCompile Include="..\src\ilu_error.c">
      <Filter>Source Files</Filter>
    </ClCompile>
    <ClCompile Include="..\src\ilu_filter.c">
      <Filter>Source Files</Filter>
    </ClCompile>
    <ClCompile Include="..\src\ilu_filter_rcg.c">
      <Filter>Source Files</Filter>
    </ClCompile>
    <ClCompile Include="..\src\ilu_internal.c">
      <Filter>Source Files</Filter>
    </ClCompile>
    <ClCompile Include="..\src\ilu_main.c">
      <Filter>Source Files</Filter>
    </ClCompile>
    <ClCompile Include="..\src\ilu_manip.c">
      <Filter>Source Files</Filter>
    </ClCompile>
    <ClCompile Include="..\src\ilu_mipmap.c">
      <Filter>Source Files</Filter>
    </ClCompile>
    <ClCompile Include="..\src\ilu_noise.c">
      <Filter>Source Files</Filter>
    </ClCompile>
    <ClCompile Include="..\src\ilu_region.c">
      <Filter>Source Files</Filter>
    </ClCompile>
    <ClCompile Include="..\src\ilu_rotate.c">
      <Filter>Source Files</Filter>
    </ClCompile>
    <ClCompile Include="..\src\ilu_scale.c">
      <Filter>Source Files</Filter>
    </ClCompile>
    <ClCompile Include="..\src\ilu_scale2d.c">
      <Filter>Source Files</Filter>
    </ClCompile>
    <ClCompile Include="..\src\ilu_scale3d.c">
      <Filter>Source Files</Filter>
    </ClCompile>
    <ClCompile Include="..\src\ilu_states.c">
      <Filter>Source Files</Filter>
    </ClCompile>
    <ClCompile Include="..\src\ilu_utilities.c">
      <Filter>Source Files</Filter>
    </ClCompile>
  </ItemGroup>
  <ItemGroup>
    <ClInclude Include="..\..\include\IL\devil_internal_exports.h">
      <Filter>Header Files</Filter>
    </ClInclude>
    <ClInclude Include="..\..\include\il\ilu.h">
      <Filter>Header Files</Filter>
    </ClInclude>
    <ClInclude Include="..\include\ilu_filter.h">
      <Filter>Header Files</Filter>
    </ClInclude>
    <ClInclude Include="..\include\ilu_internal.h">
      <Filter>Header Files</Filter>
    </ClInclude>
    <ClInclude Include="..\include\ilu_mipmap.h">
      <Filter>Header Files</Filter>
    </ClInclude>
    <ClInclude Include="..\include\ilu_region.h">
      <Filter>Header Files</Filter>
    </ClInclude>
    <ClInclude Include="..\include\ilu_states.h">
      <Filter>Header Files</Filter>
    </ClInclude>
    <ClInclude Include="..\include\ilu_error\ilu_err-arabic.h">
      <Filter>Header Files\Error Messages</Filter>
    </ClInclude>
    <ClInclude Include="..\include\ilu_error\ilu_err-dutch.h">
      <Filter>Header Files\Error Messages</Filter>
    </ClInclude>
    <ClInclude Include="..\include\ilu_error\ilu_err-english.h">
      <Filter>Header Files\Error Messages</Filter>
    </ClInclude>
    <ClInclude Include="..\include\ilu_error\ilu_err-french.h">
      <Filter>Header Files\Error Messages</Filter>
    </ClInclude>
    <ClInclude Include="..\include\ilu_error\ilu_err-german.h">
      <Filter>Header Files\Error Messages</Filter>
    </ClInclude>
    <ClInclude Include="..\include\ilu_error\ilu_err-japanese.h">
      <Filter>Header Files\Error Messages</Filter>
    </ClInclude>
    <ClInclude Include="..\include\ilu_error\ilu_err-spanish.h">
      <Filter>Header Files\Error Messages</Filter>
    </ClInclude>
  </ItemGroup>
  <ItemGroup>
    <Image Include="resources\IL Logo.ico">
      <Filter>Resource Files</Filter>
    </Image>
  </ItemGroup>
  <ItemGroup>
    <ResourceCompile Include="ILU.rc">
      <Filter>Resource Files</Filter>
    </ResourceCompile>
  </ItemGroup>
</Project>