<?xml version="1.0" encoding="utf-8"?>
<Project ToolsVersion="4.0" xmlns="http://schemas.microsoft.com/developer/msbuild/2003">
  <ItemGroup>
    <Filter Include="Source Files">
      <UniqueIdentifier>{48b537d1-8ccb-4d21-9169-93739206c7e9}</UniqueIdentifier>
      <Extensions>cpp;c;cxx;rc;def;r;odl;idl;hpj;bat</Extensions>
    </Filter>
    <Filter Include="Header Files">
      <UniqueIdentifier>{66f3aff1-de6a-48d1-87e2-aa05d728d266}</UniqueIdentifier>
      <Extensions>h;hpp;hxx;hm;inl</Extensions>
    </Filter>
    <Filter Include="Resource Files">
      <UniqueIdentifier>{eaebab01-9562-4b85-8690-7586df67dccc}</UniqueIdentifier>
      <Extensions>ico;cur;bmp;dlg;rc2;rct;bin;rgs;gif;jpg;jpeg;jpe</Extensions>
    </Filter>
  </ItemGroup>
  <ItemGroup>
    <None Include="ilut.def">
      <Filter>Source Files</Filter>
    </None>
  </ItemGroup>
  <ItemGroup>
    <ClCompile Include="..\src\ilut_allegro.c">
      <Filter>Source Files</Filter>
    </ClCompile>
    <ClCompile Include="..\src\ilut_directx.c">
      <Filter>Source Files</Filter>
    </ClCompile>
    <ClCompile Include="..\src\ilut_directx10.c">
      <Filter>Source Files</Filter>
    </ClCompile>
    <ClCompile Include="..\src\ilut_directx9.c">
      <Filter>Source Files</Filter>
    </ClCompile>
    <ClCompile Include="..\src\ilut_directxm.c">
      <Filter>Source Files</Filter>
    </ClCompile>
    <ClCompile Include="..\src\ilut_internal.c">
      <Filter>Source Files</Filter>
    </ClCompile>
    <ClCompile Include="..\src\ilut_main.c">
      <Filter>Source Files</Filter>
    </ClCompile>
    <ClCompile Include="..\src\ilut_opengl.c">
      <Filter>Source Files</Filter>
    </ClCompile>
    <ClCompile Include="..\src\ilut_sdlsurface.c">
      <Filter>Source Files</Filter>
    </ClCompile>
    <ClCompile Include="..\src\ilut_states.c">
      <Filter>Source Files</Filter>
    </ClCompile>
    <ClCompile Include="..\src\ilut_win32.c">
      <Filter>Source Files</Filter>
    </ClCompile>
    <ClCompile Include="..\src\ilut_x11.c">
      <Filter>Source Files</Filter>
    </ClCompile>
  </ItemGroup>
  <ItemGroup>
    <ClInclude Include="..\..\include\IL\devil_internal_exports.h">
      <Filter>Header Files</Filter>
    </ClInclude>
    <ClInclude Include="..\..\include\il\ilut.h">
      <Filter>Header Files</Filter>
    </ClInclude>
    <ClInclude Include="..\..\include\IL\ilut_config.h">
      <Filter>Header Files</Filter>
    </ClInclude>
    <ClInclude Include="..\include\ilut_internal.h">
      <Filter>Header Files</Filter>
    </ClInclude>
    <ClInclude Include="..\include\ilut_opengl.h">
      <Filter>Header Files</Filter>
    </ClInclude>
    <ClInclude Include="..\include\ilut_states.h">
      <Filter>Header Files</Filter>
    </ClInclude>
    <ClInclude Include="resource.h">
      <Filter>Header Files</Filter>
    </ClInclude>
  </ItemGroup>
  <ItemGroup>
    <Image Include="resources\IL Logo.ico">
      <Filter>Resource Files</Filter>
    </Image>
  </ItemGroup>
  <ItemGroup>
    <ResourceCompile Include="ILUT.rc">
      <Filter>Resource Files</Filter>
    </ResourceCompile>
  </ItemGroup>
</Project>